
Microsoft Visual Studio Solution File, Format Version 12.00
# Visual Studio Version 17
VisualStudioVersion = 17.4.33205.214
MinimumVisualStudioVersion = 10.0.40219.1
Project("{FAE04EC0-301F-11D3-BF4B-00C04F79EFBC}") = "Drakengard1and2Extractor", "Drakengard1and2Extractor.csproj", "{698EB11E-78A7-41C8-8CDE-74088C5CE8EC}"
EndProject
Global
	GlobalSection(SolutionConfigurationPlatforms) = preSolution
		Debug|Any CPU = Debug|Any CPU
		Release|Any CPU = Release|Any CPU
	EndGlobalSection
	GlobalSection(ProjectConfigurationPlatforms) = postSolution
		{698EB11E-78A7-41C8-8CDE-74088C5CE8EC}.Debug|Any CPU.ActiveCfg = Debug|Any CPU
		{698EB11E-78A7-41C8-8CDE-74088C5CE8EC}.Debug|Any CPU.Build.0 = Debug|Any CPU
		{698EB11E-78A7-41C8-8CDE-74088C5CE8EC}.Release|Any CPU.ActiveCfg = Release|Any CPU
		{698EB11E-78A7-41C8-8CDE-74088C5CE8EC}.Release|Any CPU.Build.0 = Release|Any CPU
	EndGlobalSection
	GlobalSection(SolutionProperties) = preSolution
		HideSolutionNode = FALSE
	EndGlobalSection
	GlobalSection(ExtensibilityGlobals) = postSolution
		SolutionGuid = {B912B43F-567F-445B-B356-031C98829078}
	EndGlobalSection
EndGlobal
